
Microsoft Visual Studio Solution File, Format Version 12.00
# Visual Studio Version 17
VisualStudioVersion = 17.5.33414.496
MinimumVisualStudioVersion = 10.0.40219.1
Project("{FAE04EC0-301F-11D3-BF4B-00C04F79EFBC}") = "Week6StringsAndArrays", "Week6StringsAndArrays\Week6StringsAndArrays.csproj", "{30CFB878-9E61-4C94-A6A7-BA5A3835F0E5}"
EndProject
Project("{FAE04EC0-301F-11D3-BF4B-00C04F79EFBC}") = "Arrays", "Arrays\Arrays.csproj", "{0ACE7F72-833F-452C-BF5D-6C8447B71AEE}"
EndProject
Project("{FAE04EC0-301F-11D3-BF4B-00C04F79EFBC}") = "NumberArrays", "NumberArrays\NumberArrays.csproj", "{B80F64E7-B6B2-46F5-8DE9-3ADC89495A04}"
EndProject
Project("{FAE04EC0-301F-11D3-BF4B-00C04F79EFBC}") = "RandomElement", "RandomElement\RandomElement.csproj", "{72619BEF-547E-4894-9642-0C79D583937B}"
EndProject
Global
	GlobalSection(SolutionConfigurationPlatforms) = preSolution
		Debug|Any CPU = Debug|Any CPU
		Release|Any CPU = Release|Any CPU
	EndGlobalSection
	GlobalSection(ProjectConfigurationPlatforms) = postSolution
		{30CFB878-9E61-4C94-A6A7-BA5A3835F0E5}.Debug|Any CPU.ActiveCfg = Debug|Any CPU
		{30CFB878-9E61-4C94-A6A7-BA5A3835F0E5}.Debug|Any CPU.Build.0 = Debug|Any CPU
		{30CFB878-9E61-4C94-A6A7-BA5A3835F0E5}.Release|Any CPU.ActiveCfg = Release|Any CPU
		{30CFB878-9E61-4C94-A6A7-BA5A3835F0E5}.Release|Any CPU.Build.0 = Release|Any CPU
		{0ACE7F72-833F-452C-BF5D-6C8447B71AEE}.Debug|Any CPU.ActiveCfg = Debug|Any CPU
		{0ACE7F72-833F-452C-BF5D-6C8447B71AEE}.Debug|Any CPU.Build.0 = Debug|Any CPU
		{0ACE7F72-833F-452C-BF5D-6C8447B71AEE}.Release|Any CPU.ActiveCfg = Release|Any CPU
		{0ACE7F72-833F-452C-BF5D-6C8447B71AEE}.Release|Any CPU.Build.0 = Release|Any CPU
		{B80F64E7-B6B2-46F5-8DE9-3ADC89495A04}.Debug|Any CPU.ActiveCfg = Debug|Any CPU
		{B80F64E7-B6B2-46F5-8DE9-3ADC89495A04}.Debug|Any CPU.Build.0 = Debug|Any CPU
		{B80F64E7-B6B2-46F5-8DE9-3ADC89495A04}.Release|Any CPU.ActiveCfg = Release|Any CPU
		{B80F64E7-B6B2-46F5-8DE9-3ADC89495A04}.Release|Any CPU.Build.0 = Release|Any CPU
		{72619BEF-547E-4894-9642-0C79D583937B}.Debug|Any CPU.ActiveCfg = Debug|Any CPU
		{72619BEF-547E-4894-9642-0C79D583937B}.Debug|Any CPU.Build.0 = Debug|Any CPU
		{72619BEF-547E-4894-9642-0C79D583937B}.Release|Any CPU.ActiveCfg = Release|Any CPU
		{72619BEF-547E-4894-9642-0C79D583937B}.Release|Any CPU.Build.0 = Release|Any CPU
	EndGlobalSection
	GlobalSection(SolutionProperties) = preSolution
		HideSolutionNode = FALSE
	EndGlobalSection
	GlobalSection(ExtensibilityGlobals) = postSolution
		SolutionGuid = {2BBD92E5-04F9-4C87-A9FD-FB616CA7EBC1}
	EndGlobalSection
EndGlobal
